
Microsoft Visual Studio Solution File, Format Version 12.00
# Visual Studio Version 17
VisualStudioVersion = 17.9.34714.143
MinimumVisualStudioVersion = 10.0.40219.1
Project("{FAE04EC0-301F-11D3-BF4B-00C04F79EFBC}") = "Employee CRUD Web Form", "Employee CRUD Web Form.csproj", "{A6BCE532-C647-4505-BB3F-AC8EE3DFD3F0}"
EndProject
Global
	GlobalSection(SolutionConfigurationPlatforms) = preSolution
		Debug|Any CPU = Debug|Any CPU
		Release|Any CPU = Release|Any CPU
	EndGlobalSection
	GlobalSection(ProjectConfigurationPlatforms) = postSolution
		{A6BCE532-C647-4505-BB3F-AC8EE3DFD3F0}.Debug|Any CPU.ActiveCfg = Debug|Any CPU
		{A6BCE532-C647-4505-BB3F-AC8EE3DFD3F0}.Debug|Any CPU.Build.0 = Debug|Any CPU
		{A6BCE532-C647-4505-BB3F-AC8EE3DFD3F0}.Release|Any CPU.ActiveCfg = Release|Any CPU
		{A6BCE532-C647-4505-BB3F-AC8EE3DFD3F0}.Release|Any CPU.Build.0 = Release|Any CPU
	EndGlobalSection
	GlobalSection(SolutionProperties) = preSolution
		HideSolutionNode = FALSE
	EndGlobalSection
	GlobalSection(ExtensibilityGlobals) = postSolution
		SolutionGuid = {9DCC6C57-75A8-4A58-B51B-898B2E75E522}
	EndGlobalSection
EndGlobal
