
Microsoft Visual Studio Solution File, Format Version 12.00
# Visual Studio Version 17
VisualStudioVersion = 17.8.34525.116
MinimumVisualStudioVersion = 10.0.40219.1
Project("{FAE04EC0-301F-11D3-BF4B-00C04F79EFBC}") = "DatabaseConnection", "DatabaseConnection.csproj", "{D74979CD-AC8D-44E6-A391-0C365A197B3E}"
EndProject
Global
	GlobalSection(SolutionConfigurationPlatforms) = preSolution
		Debug|Any CPU = Debug|Any CPU
		Release|Any CPU = Release|Any CPU
	EndGlobalSection
	GlobalSection(ProjectConfigurationPlatforms) = postSolution
		{D74979CD-AC8D-44E6-A391-0C365A197B3E}.Debug|Any CPU.ActiveCfg = Debug|Any CPU
		{D74979CD-AC8D-44E6-A391-0C365A197B3E}.Debug|Any CPU.Build.0 = Debug|Any CPU
		{D74979CD-AC8D-44E6-A391-0C365A197B3E}.Release|Any CPU.ActiveCfg = Release|Any CPU
		{D74979CD-AC8D-44E6-A391-0C365A197B3E}.Release|Any CPU.Build.0 = Release|Any CPU
	EndGlobalSection
	GlobalSection(SolutionProperties) = preSolution
		HideSolutionNode = FALSE
	EndGlobalSection
	GlobalSection(ExtensibilityGlobals) = postSolution
		SolutionGuid = {A51DD665-28F5-4351-B268-367E7B941427}
	EndGlobalSection
EndGlobal
