
Microsoft Visual Studio Solution File, Format Version 12.00
# Visual Studio Version 17
VisualStudioVersion = 17.9.34714.143
MinimumVisualStudioVersion = 10.0.40219.1
Project("{FAE04EC0-301F-11D3-BF4B-00C04F79EFBC}") = "RegistrationForm", "RegistrationForm.csproj", "{AC152A6B-B76D-4B83-9024-9E47044DE7D2}"
EndProject
Global
	GlobalSection(SolutionConfigurationPlatforms) = preSolution
		Debug|Any CPU = Debug|Any CPU
		Release|Any CPU = Release|Any CPU
	EndGlobalSection
	GlobalSection(ProjectConfigurationPlatforms) = postSolution
		{AC152A6B-B76D-4B83-9024-9E47044DE7D2}.Debug|Any CPU.ActiveCfg = Debug|Any CPU
		{AC152A6B-B76D-4B83-9024-9E47044DE7D2}.Debug|Any CPU.Build.0 = Debug|Any CPU
		{AC152A6B-B76D-4B83-9024-9E47044DE7D2}.Release|Any CPU.ActiveCfg = Release|Any CPU
		{AC152A6B-B76D-4B83-9024-9E47044DE7D2}.Release|Any CPU.Build.0 = Release|Any CPU
	EndGlobalSection
	GlobalSection(SolutionProperties) = preSolution
		HideSolutionNode = FALSE
	EndGlobalSection
	GlobalSection(ExtensibilityGlobals) = postSolution
		SolutionGuid = {D349987E-59DF-41F9-8496-BC2F5CC66402}
	EndGlobalSection
EndGlobal
