# This file is automatically @generated by Poetry 1.8.3 and should not be changed by hand.

[[package]]
name = "btrees"
version = "6.1"
description = "Scalable persistent object containers"
optional = false
python-versions = ">=3.8"
files = [
    {file = "BTrees-6.1-cp310-cp310-macosx_10_9_x86_64.whl", hash = "sha256:8b08497fe1dd2b4fac107bd79ab052809f58f5d4d2f9ca08d3548e831d21a841"},
    {file = "BTrees-6.1-cp310-cp310-macosx_11_0_arm64.whl", hash = "sha256:f50275aa22e9bb94701c9ffad59b7cd0104237dee24e840e1a8cf83c5a904184"},
    {file = "BTrees-6.1-cp310-cp310-manylinux_2_17_aarch64.manylinux2014_aarch64.whl", hash = "sha256:d9c05e621829c58254dd9df773da219cd29b7ee5289f0d3788933e4ccd646148"},
    {file = "BTrees-6.1-cp310-cp310-manylinux_2_17_x86_64.manylinux2014_x86_64.whl", hash = "sha256:e96ff8762c9b4d82631c3a6c4cdde348f935a0aaeb0473c14c5bc16c20a03ede"},
    {file = "BTrees-6.1-cp310-cp310-manylinux_2_5_i686.manylinux1_i686.manylinux_2_17_i686.manylinux2014_i686.whl", hash = "sha256:da7b9718354e34d4c4ace9f4f784e553041b8f7667017ca36286ba7f3544df8f"},
    {file = "BTrees-6.1-cp310-cp310-win_amd64.whl", hash = "sha256:ee2a98f67d89f1e0eb1c17c9a8d0088efcdd283fb6a7f9fc3d6758a2211e5a28"},
    {file = "BTrees-6.1-cp311-cp311-macosx_10_9_x86_64.whl", hash = "sha256:2eb3c838e18d353a0c35b09e679bc0c939d76823983f86bbc87356fb3d4786e7"},
    {file = "BTrees-6.1-cp311-cp311-macosx_11_0_arm64.whl", hash = "sha256:8b084410ae05aeb0285487f9bbd5aa3521aa2acb852d4df6bd45a77f9786b816"},
    {file = "BTrees-6.1-cp311-cp311-manylinux_2_17_aarch64.manylinux2014_aarch64.whl", hash = "sha256:6e46fcde669859cfe593d0be5ac414dcfc26916d40e466752a906b2c38ae2ef2"},
    {file = "BTrees-6.1-cp311-cp311-manylinux_2_17_x86_64.manylinux2014_x86_64.whl", hash = "sha256:550d0d1219d55db77f60fe80f6f7700fc39f9df10b537a7660d852f6e52cfbaa"},
    {file = "BTrees-6.1-cp311-cp311-manylinux_2_5_i686.manylinux1_i686.manylinux_2_17_i686.manylinux2014_i686.whl", hash = "sha256:069148e2e941eca698673083ba0c7defaf691b228b9d4be951d1d13a19d8890a"},
    {file = "BTrees-6.1-cp311-cp311-win_amd64.whl", hash = "sha256:0302e1c8f6a2c964ee32f3b80965b071eff2db1debb13860e71008aa00a0321f"},
    {file = "BTrees-6.1-cp312-cp312-macosx_10_9_x86_64.whl", hash = "sha256:913890a8f5cce402fda7a06d9eaaf4ddda64a042e5c764c38fe5fb2004099072"},
    {file = "BTrees-6.1-cp312-cp312-macosx_11_0_arm64.whl", hash = "sha256:407648d72812b19bea2a3f98a2188a17121e9b5add0c12416f8bcecd724cec0b"},
    {file = "BTrees-6.1-cp312-cp312-manylinux_2_17_aarch64.manylinux2014_aarch64.whl", hash = "sha256:860b3b6f0d5d4b34e6168e6490d0b26586e8b6c33cad7d5893f97fa3f4b3ff16"},
    {file = "BTrees-6.1-cp312-cp312-manylinux_2_17_x86_64.manylinux2014_x86_64.whl", hash = "sha256:789a5b858cbee0a4750e7e3b4c13a1e47e6b9c7be50329087e621bff6d81154e"},
    {file = "BTrees-6.1-cp312-cp312-manylinux_2_5_i686.manylinux1_i686.manylinux_2_17_i686.manylinux2014_i686.whl", hash = "sha256:a76dbeed484720cf7aa231f3552665df91bda0dbb357aab5fefefde133eef89e"},
    {file = "BTrees-6.1-cp312-cp312-win_amd64.whl", hash = "sha256:b4e2a878acdb9e1087c71e8914909a3d582617c496adea8a02bc839285666b0f"},
    {file = "BTrees-6.1-cp313-cp313-macosx_10_9_x86_64.whl", hash = "sha256:6a7acd17e2934536012445ba33e2805f71e65b9bc9a8683013626fb3fc6824a9"},
    {file = "BTrees-6.1-cp313-cp313-macosx_11_0_arm64.whl", hash = "sha256:58383635a06532ab6ee66bd1ba20e56af627e7a91665f1d98a8d550890e608d7"},
    {file = "BTrees-6.1-cp313-cp313-manylinux_2_17_aarch64.manylinux2014_aarch64.whl", hash = "sha256:398b9bc27d563197fc2966e237742019f7abc3d622a98c710155ca2bac421e3e"},
    {file = "BTrees-6.1-cp313-cp313-manylinux_2_17_x86_64.manylinux2014_x86_64.whl", hash = "sha256:b8f2936e75321e7ce652b0092aaf41f88cc98bf3b70d2dcca2ef8e38bf5b2e44"},
    {file = "BTrees-6.1-cp313-cp313-manylinux_2_5_i686.manylinux1_i686.manylinux_2_17_i686.manylinux2014_i686.whl", hash = "sha256:13ae3f198ad09f62b8fe575d7e63de19c8eabe11568f73f033a48f095debfe6c"},
    {file = "BTrees-6.1-cp313-cp313-win_amd64.whl", hash = "sha256:71448fa70a6e1cdb21a653043fb23df96e8b24c2c1ff93cc1dac818412f1aecc"},
    {file = "BTrees-6.1-cp38-cp38-macosx_10_9_x86_64.whl", hash = "sha256:2c3baa188efa475ef02c86ff0f147ec2260e147ff1015ef9750ff8c8dc24c20a"},
    {file = "BTrees-6.1-cp38-cp38-macosx_11_0_arm64.whl", hash = "sha256:3c8420f894b0611c5a2d9279276d558a5df4c8d153e5c6d418dbd3db505d8713"},
    {file = "BTrees-6.1-cp38-cp38-manylinux_2_17_aarch64.manylinux2014_aarch64.whl", hash = "sha256:ceee877e0c1fe572f5922f0c0c1ddb0f3780533a69200a745116abd988665243"},
    {file = "BTrees-6.1-cp38-cp38-manylinux_2_17_x86_64.manylinux2014_x86_64.whl", hash = "sha256:0bc0f9c8117bd790aa53de16049fde637f2864c2d2a38d4359c68e2905bcc2e5"},
    {file = "BTrees-6.1-cp38-cp38-manylinux_2_5_i686.manylinux1_i686.manylinux_2_17_i686.manylinux2014_i686.whl", hash = "sha256:a3d54c331927a6966a4cf15e57f824de6750c52905757b36a30475e2733679e4"},
    {file = "BTrees-6.1-cp38-cp38-win_amd64.whl", hash = "sha256:3860847354aa901986ddb765c3f8fb492ba226fee5bd28de7c73f3067645bbb1"},
    {file = "BTrees-6.1-cp39-cp39-macosx_10_9_x86_64.whl", hash = "sha256:34ca956076216b159f7d3432c2e9eafa67a8379176190550ba8e21d93e2fe3c8"},
    {file = "BTrees-6.1-cp39-cp39-macosx_11_0_arm64.whl", hash = "sha256:45753e3aac923f2356399a8b13302faa2311111de066706376414af80fcaf656"},
    {file = "BTrees-6.1-cp39-cp39-manylinux_2_17_aarch64.manylinux2014_aarch64.whl", hash = "sha256:d5ca98f7e4c65e7f2a1b0b8f3908583c9be0594d9c787efdf8c21a6dcb1ae3d1"},
    {file = "BTrees-6.1-cp39-cp39-manylinux_2_17_x86_64.manylinux2014_x86_64.whl", hash = "sha256:9d5a04064887babe8d63bf407bfb1ede17fe65515c247ae18725a558f2235ada"},
    {file = "BTrees-6.1-cp39-cp39-manylinux_2_5_i686.manylinux1_i686.manylinux_2_17_i686.manylinux2014_i686.whl", hash = "sha256:a05a4bd399dc300dfcb5ae00d15e7fe2ef15b042f704a0ac33161d93635d6bc6"},
    {file = "BTrees-6.1-cp39-cp39-win_amd64.whl", hash = "sha256:30dbb2c346fe1f077c6300b26049ad275e4134424bd431d386cec0d7e6cc5048"},
    {file = "btrees-6.1.tar.gz", hash = "sha256:e18746f8641869a20f45328c9b5f97dc6c71a1195960356aef63b75f5c8d445f"},
]

[package.dependencies]
persistent = ">=4.1.0"
"zope.interface" = ">=5.0.0"

[package.extras]
docs = ["Sphinx", "repoze.sphinx.autointerface", "sphinx_rtd_theme"]
test = ["persistent (>=4.4.3)", "transaction", "zope.testrunner"]
zodb = ["ZODB"]

[[package]]
name = "cffi"
version = "1.17.1"
description = "Foreign Function Interface for Python calling C code."
optional = false
python-versions = ">=3.8"
files = [
    {file = "cffi-1.17.1-cp310-cp310-macosx_10_9_x86_64.whl", hash = "sha256:df8b1c11f177bc2313ec4b2d46baec87a5f3e71fc8b45dab2ee7cae86d9aba14"},
    {file = "cffi-1.17.1-cp310-cp310-macosx_11_0_arm64.whl", hash = "sha256:8f2cdc858323644ab277e9bb925ad72ae0e67f69e804f4898c070998d50b1a67"},
    {file = "cffi-1.17.1-cp310-cp310-manylinux_2_12_i686.manylinux2010_i686.manylinux_2_17_i686.manylinux2014_i686.whl", hash = "sha256:edae79245293e15384b51f88b00613ba9f7198016a5948b5dddf4917d4d26382"},
    {file = "cffi-1.17.1-cp310-cp310-manylinux_2_17_aarch64.manylinux2014_aarch64.whl", hash = "sha256:45398b671ac6d70e67da8e4224a065cec6a93541bb7aebe1b198a61b58c7b702"},
    {file = "cffi-1.17.1-cp310-cp310-manylinux_2_17_ppc64le.manylinux2014_ppc64le.whl", hash = "sha256:ad9413ccdeda48c5afdae7e4fa2192157e991ff761e7ab8fdd8926f40b160cc3"},
    {file = "cffi-1.17.1-cp310-cp310-manylinux_2_17_s390x.manylinux2014_s390x.whl", hash = "sha256:5da5719280082ac6bd9aa7becb3938dc9f9cbd57fac7d2871717b1feb0902ab6"},
    {file = "cffi-1.17.1-cp310-cp310-manylinux_2_17_x86_64.manylinux2014_x86_64.whl", hash = "sha256:2bb1a08b8008b281856e5971307cc386a8e9c5b625ac297e853d36da6efe9c17"},
    {file = "cffi-1.17.1-cp310-cp310-musllinux_1_1_aarch64.whl", hash = "sha256:045d61c734659cc045141be4bae381a41d89b741f795af1dd018bfb532fd0df8"},
    {file = "cffi-1.17.1-cp310-cp310-musllinux_1_1_i686.whl", hash = "sha256:6883e737d7d9e4899a8a695e00ec36bd4e5e4f18fabe0aca0efe0a4b44cdb13e"},
    {file = "cffi-1.17.1-cp310-cp310-musllinux_1_1_x86_64.whl", hash = "sha256:6b8b4a92e1c65048ff98cfe1f735ef8f1ceb72e3d5f0c25fdb12087a23da22be"},
    {file = "cffi-1.17.1-cp310-cp310-win32.whl", hash = "sha256:c9c3d058ebabb74db66e431095118094d06abf53284d9c81f27300d0e0d8bc7c"},
    {file = "cffi-1.17.1-cp310-cp310-win_amd64.whl", hash = "sha256:0f048dcf80db46f0098ccac01132761580d28e28bc0f78ae0d58048063317e15"},
    {file = "cffi-1.17.1-cp311-cp311-macosx_10_9_x86_64.whl", hash = "sha256:a45e3c6913c5b87b3ff120dcdc03f6131fa0065027d0ed7ee6190736a74cd401"},
    {file = "cffi-1.17.1-cp311-cp311-macosx_11_0_arm64.whl", hash = "sha256:30c5e0cb5ae493c04c8b42916e52ca38079f1b235c2f8ae5f4527b963c401caf"},
    {file = "cffi-1.17.1-cp311-cp311-manylinux_2_12_i686.manylinux2010_i686.manylinux_2_17_i686.manylinux2014_i686.whl", hash = "sha256:f75c7ab1f9e4aca5414ed4d8e5c0e303a34f4421f8a0d47a4d019ceff0ab6af4"},
    {file = "cffi-1.17.1-cp311-cp311-manylinux_2_17_aarch64.manylinux2014_aarch64.whl", hash = "sha256:a1ed2dd2972641495a3ec98445e09766f077aee98a1c896dcb4ad0d303628e41"},
    {file = "cffi-1.17.1-cp311-cp311-manylinux_2_17_ppc64le.manylinux2014_ppc64le.whl", hash = "sha256:46bf43160c1a35f7ec506d254e5c890f3c03648a4dbac12d624e4490a7046cd1"},
    {file = "cffi-1.17.1-cp311-cp311-manylinux_2_17_s390x.manylinux2014_s390x.whl", hash = "sha256:a24ed04c8ffd54b0729c07cee15a81d964e6fee0e3d4d342a27b020d22959dc6"},
    {file = "cffi-1.17.1-cp311-cp311-manylinux_2_17_x86_64.manylinux2014_x86_64.whl", hash = "sha256:610faea79c43e44c71e1ec53a554553fa22321b65fae24889706c0a84d4ad86d"},
    {file = "cffi-1.17.1-cp311-cp311-musllinux_1_1_aarch64.whl", hash = "sha256:a9b15d491f3ad5d692e11f6b71f7857e7835eb677955c00cc0aefcd0669adaf6"},
    {file = "cffi-1.17.1-cp311-cp311-musllinux_1_1_i686.whl", hash = "sha256:de2ea4b5833625383e464549fec1bc395c1bdeeb5f25c4a3a82b5a8c756ec22f"},
    {file = "cffi-1.17.1-cp311-cp311-musllinux_1_1_x86_64.whl", hash = "sha256:fc48c783f9c87e60831201f2cce7f3b2e4846bf4d8728eabe54d60700b318a0b"},
    {file = "cffi-1.17.1-cp311-cp311-win32.whl", hash = "sha256:85a950a4ac9c359340d5963966e3e0a94a676bd6245a4b55bc43949eee26a655"},
    {file = "cffi-1.17.1-cp311-cp311-win_amd64.whl", hash = "sha256:caaf0640ef5f5517f49bc275eca1406b0ffa6aa184892812030f04c2abf589a0"},
    {file = "cffi-1.17.1-cp312-cp312-macosx_10_9_x86_64.whl", hash = "sha256:805b4371bf7197c329fcb3ead37e710d1bca9da5d583f5073b799d5c5bd1eee4"},
    {file = "cffi-1.17.1-cp312-cp312-macosx_11_0_arm64.whl", hash = "sha256:733e99bc2df47476e3848417c5a4540522f234dfd4ef3ab7fafdf555b082ec0c"},
    {file = "cffi-1.17.1-cp312-cp312-manylinux_2_12_i686.manylinux2010_i686.manylinux_2_17_i686.manylinux2014_i686.whl", hash = "sha256:1257bdabf294dceb59f5e70c64a3e2f462c30c7ad68092d01bbbfb1c16b1ba36"},
    {file = "cffi-1.17.1-cp312-cp312-manylinux_2_17_aarch64.manylinux2014_aarch64.whl", hash = "sha256:da95af8214998d77a98cc14e3a3bd00aa191526343078b530ceb0bd710fb48a5"},
    {file = "cffi-1.17.1-cp312-cp312-manylinux_2_17_ppc64le.manylinux2014_ppc64le.whl", hash = "sha256:d63afe322132c194cf832bfec0dc69a99fb9bb6bbd550f161a49e9e855cc78ff"},
    {file = "cffi-1.17.1-cp312-cp312-manylinux_2_17_s390x.manylinux2014_s390x.whl", hash = "sha256:f79fc4fc25f1c8698ff97788206bb3c2598949bfe0fef03d299eb1b5356ada99"},
    {file = "cffi-1.17.1-cp312-cp312-manylinux_2_17_x86_64.manylinux2014_x86_64.whl", hash = "sha256:b62ce867176a75d03a665bad002af8e6d54644fad99a3c70905c543130e39d93"},
    {file = "cffi-1.17.1-cp312-cp312-musllinux_1_1_aarch64.whl", hash = "sha256:386c8bf53c502fff58903061338ce4f4950cbdcb23e2902d86c0f722b786bbe3"},
    {file = "cffi-1.17.1-cp312-cp312-musllinux_1_1_x86_64.whl", hash = "sha256:4ceb10419a9adf4460ea14cfd6bc43d08701f0835e979bf821052f1805850fe8"},
    {file = "cffi-1.17.1-cp312-cp312-win32.whl", hash = "sha256:a08d7e755f8ed21095a310a693525137cfe756ce62d066e53f502a83dc550f65"},
    {file = "cffi-1.17.1-cp312-cp312-win_amd64.whl", hash = "sha256:51392eae71afec0d0c8fb1a53b204dbb3bcabcb3c9b807eedf3e1e6ccf2de903"},
    {file = "cffi-1.17.1-cp313-cp313-macosx_10_13_x86_64.whl", hash = "sha256:f3a2b4222ce6b60e2e8b337bb9596923045681d71e5a082783484d845390938e"},
    {file = "cffi-1.17.1-cp313-cp313-macosx_11_0_arm64.whl", hash = "sha256:0984a4925a435b1da406122d4d7968dd861c1385afe3b45ba82b750f229811e2"},
    {file = "cffi-1.17.1-cp313-cp313-manylinux_2_12_i686.manylinux2010_i686.manylinux_2_17_i686.manylinux2014_i686.whl", hash = "sha256:d01b12eeeb4427d3110de311e1774046ad344f5b1a7403101878976ecd7a10f3"},
    {file = "cffi-1.17.1-cp313-cp313-manylinux_2_17_aarch64.manylinux2014_aarch64.whl", hash = "sha256:706510fe141c86a69c8ddc029c7910003a17353970cff3b904ff0686a5927683"},
    {file = "cffi-1.17.1-cp313-cp313-manylinux_2_17_ppc64le.manylinux2014_ppc64le.whl", hash = "sha256:de55b766c7aa2e2a3092c51e0483d700341182f08e67c63630d5b6f200bb28e5"},
    {file = "cffi-1.17.1-cp313-cp313-manylinux_2_17_s390x.manylinux2014_s390x.whl", hash = "sha256:c59d6e989d07460165cc5ad3c61f9fd8f1b4796eacbd81cee78957842b834af4"},
    {file = "cffi-1.17.1-cp313-cp313-manylinux_2_17_x86_64.manylinux2014_x86_64.whl", hash = "sha256:dd398dbc6773384a17fe0d3e7eeb8d1a21c2200473ee6806bb5e6a8e62bb73dd"},
    {file = "cffi-1.17.1-cp313-cp313-musllinux_1_1_aarch64.whl", hash = "sha256:3edc8d958eb099c634dace3c7e16560ae474aa3803a5df240542b305d14e14ed"},
    {file = "cffi-1.17.1-cp313-cp313-musllinux_1_1_x86_64.whl", hash = "sha256:72e72408cad3d5419375fc87d289076ee319835bdfa2caad331e377589aebba9"},
    {file = "cffi-1.17.1-cp313-cp313-win32.whl", hash = "sha256:e03eab0a8677fa80d646b5ddece1cbeaf556c313dcfac435ba11f107ba117b5d"},
    {file = "cffi-1.17.1-cp313-cp313-win_amd64.whl", hash = "sha256:f6a16c31041f09ead72d69f583767292f750d24913dadacf5756b966aacb3f1a"},
    {file = "cffi-1.17.1-cp38-cp38-macosx_10_9_x86_64.whl", hash = "sha256:636062ea65bd0195bc012fea9321aca499c0504409f413dc88af450b57ffd03b"},
    {file = "cffi-1.17.1-cp38-cp38-manylinux_2_12_i686.manylinux2010_i686.manylinux_2_17_i686.manylinux2014_i686.whl", hash = "sha256:c7eac2ef9b63c79431bc4b25f1cd649d7f061a28808cbc6c47b534bd789ef964"},
    {file = "cffi-1.17.1-cp38-cp38-manylinux_2_17_aarch64.manylinux2014_aarch64.whl", hash = "sha256:e221cf152cff04059d011ee126477f0d9588303eb57e88923578ace7baad17f9"},
    {file = "cffi-1.17.1-cp38-cp38-manylinux_2_17_ppc64le.manylinux2014_ppc64le.whl", hash = "sha256:31000ec67d4221a71bd3f67df918b1f88f676f1c3b535a7eb473255fdc0b83fc"},
    {file = "cffi-1.17.1-cp38-cp38-manylinux_2_17_s390x.manylinux2014_s390x.whl", hash = "sha256:6f17be4345073b0a7b8ea599688f692ac3ef23ce28e5df79c04de519dbc4912c"},
    {file = "cffi-1.17.1-cp38-cp38-manylinux_2_17_x86_64.manylinux2014_x86_64.whl", hash = "sha256:0e2b1fac190ae3ebfe37b979cc1ce69c81f4e4fe5746bb401dca63a9062cdaf1"},
    {file = "cffi-1.17.1-cp38-cp38-win32.whl", hash = "sha256:7596d6620d3fa590f677e9ee430df2958d2d6d6de2feeae5b20e82c00b76fbf8"},
    {file = "cffi-1.17.1-cp38-cp38-win_amd64.whl", hash = "sha256:78122be759c3f8a014ce010908ae03364d00a1f81ab5c7f4a7a5120607ea56e1"},
    {file = "cffi-1.17.1-cp39-cp39-macosx_10_9_x86_64.whl", hash = "sha256:b2ab587605f4ba0bf81dc0cb08a41bd1c0a5906bd59243d56bad7668a6fc6c16"},
    {file = "cffi-1.17.1-cp39-cp39-macosx_11_0_arm64.whl", hash = "sha256:28b16024becceed8c6dfbc75629e27788d8a3f9030691a1dbf9821a128b22c36"},
    {file = "cffi-1.17.1-cp39-cp39-manylinux_2_12_i686.manylinux2010_i686.manylinux_2_17_i686.manylinux2014_i686.whl", hash = "sha256:1d599671f396c4723d016dbddb72fe8e0397082b0a77a4fab8028923bec050e8"},
    {file = "cffi-1.17.1-cp39-cp39-manylinux_2_17_aarch64.manylinux2014_aarch64.whl", hash = "sha256:ca74b8dbe6e8e8263c0ffd60277de77dcee6c837a3d0881d8c1ead7268c9e576"},
    {file = "cffi-1.17.1-cp39-cp39-manylinux_2_17_ppc64le.manylinux2014_ppc64le.whl", hash = "sha256:f7f5baafcc48261359e14bcd6d9bff6d4b28d9103847c9e136694cb0501aef87"},
    {file = "cffi-1.17.1-cp39-cp39-manylinux_2_17_s390x.manylinux2014_s390x.whl", hash = "sha256:98e3969bcff97cae1b2def8ba499ea3d6f31ddfdb7635374834cf89a1a08ecf0"},
    {file = "cffi-1.17.1-cp39-cp39-manylinux_2_17_x86_64.manylinux2014_x86_64.whl", hash = "sha256:cdf5ce3acdfd1661132f2a9c19cac174758dc2352bfe37d98aa7512c6b7178b3"},
    {file = "cffi-1.17.1-cp39-cp39-musllinux_1_1_aarch64.whl", hash = "sha256:9755e4345d1ec879e3849e62222a18c7174d65a6a92d5b346b1863912168b595"},
    {file = "cffi-1.17.1-cp39-cp39-musllinux_1_1_i686.whl", hash = "sha256:f1e22e8c4419538cb197e4dd60acc919d7696e5ef98ee4da4e01d3f8cfa4cc5a"},
    {file = "cffi-1.17.1-cp39-cp39-musllinux_1_1_x86_64.whl", hash = "sha256:c03e868a0b3bc35839ba98e74211ed2b05d2119be4e8a0f224fba9384f1fe02e"},
    {file = "cffi-1.17.1-cp39-cp39-win32.whl", hash = "sha256:e31ae45bc2e29f6b2abd0de1cc3b9d5205aa847cafaecb8af1476a609a2f6eb7"},
    {file = "cffi-1.17.1-cp39-cp39-win_amd64.whl", hash = "sha256:d016c76bdd850f3c626af19b0542c9677ba156e4ee4fccfdd7848803533ef662"},
    {file = "cffi-1.17.1.tar.gz", hash = "sha256:1c39c6016c32bc48dd54561950ebd6836e1670f2ae46128f67cf49e789c52824"},
]

[package.dependencies]
pycparser = "*"

[[package]]
name = "persistent"
version = "6.1"
description = "Translucent persistent objects"
optional = false
python-versions = ">=3.8"
files = [
    {file = "persistent-6.1-cp310-cp310-macosx_10_9_x86_64.whl", hash = "sha256:8d28e79d5ccac8c77f807274d900628f5dd6ed9b56e46b6f2068fae40a895ea7"},
    {file = "persistent-6.1-cp310-cp310-macosx_11_0_arm64.whl", hash = "sha256:126ccf1bb2860f28a931271071bd73aad820bcee87913fe7613eb51e045c10e1"},
    {file = "persistent-6.1-cp310-cp310-manylinux_2_17_aarch64.manylinux2014_aarch64.whl", hash = "sha256:1a6f8abd1b3a0beabee3083ff30ce12489f99942b106d86d9399c3b5639a8cb5"},
    {file = "persistent-6.1-cp310-cp310-manylinux_2_5_i686.manylinux1_i686.manylinux_2_17_i686.manylinux2014_i686.whl", hash = "sha256:ad33efef3c26ba3827d163f286cd6ce7dd45e5bb28d3bcd80939b839357205e3"},
    {file = "persistent-6.1-cp310-cp310-manylinux_2_5_x86_64.manylinux1_x86_64.manylinux_2_17_x86_64.manylinux2014_x86_64.whl", hash = "sha256:86557a656214a6bf73c2d520ebc696640257bb77cedb6d9ed41757e4011bce89"},
    {file = "persistent-6.1-cp310-cp310-win_amd64.whl", hash = "sha256:19c8c3f019addabe97714d4a8611dab990a6e7cfd07960705ae23bc89de536de"},
    {file = "persistent-6.1-cp311-cp311-macosx_10_9_x86_64.whl", hash = "sha256:9e77ab43c8ad50b9e3d521c5f33bf85be78765553dae6cc8208b3f3118bef2ff"},
    {file = "persistent-6.1-cp311-cp311-macosx_11_0_arm64.whl", hash = "sha256:8c04dee2c1bdc9f7c9b53888ca2cf9fe80d2be7f15750571dab5b76feb4b26ab"},
    {file = "persistent-6.1-cp311-cp311-manylinux_2_17_aarch64.manylinux2014_aarch64.whl", hash = "sha256:5ab3054949ce3e358b044871b39e620aa549a81bf994ba223018d167c868d3b7"},
    {file = "persistent-6.1-cp311-cp311-manylinux_2_5_i686.manylinux1_i686.manylinux_2_17_i686.manylinux2014_i686.whl", hash = "sha256:3be0c172aa113a6e51dcb88d43378f284aba5c4d808daf9c449cd3450e5bc374"},
    {file = "persistent-6.1-cp311-cp311-manylinux_2_5_x86_64.manylinux1_x86_64.manylinux_2_17_x86_64.manylinux2014_x86_64.whl", hash = "sha256:264ea5bc7958000e592ff9ad527148ea2e44d88e63692f4a05033c371e340972"},
    {file = "persistent-6.1-cp311-cp311-win_amd64.whl", hash = "sha256:89c6420275d4f548cf7a3426b02b9c5f7a8fdeb66c413d137141f386168e797d"},
    {file = "persistent-6.1-cp312-cp312-macosx_10_9_x86_64.whl", hash = "sha256:8aafc5b8d7bc918997a22ea168a38e06f4343013a8fa4cbc857a9fab251367ad"},
    {file = "persistent-6.1-cp312-cp312-macosx_11_0_arm64.whl", hash = "sha256:4b15cd9ad8810388b1ae43d52733cafc04307cc9b3af63619eb8164d90ae14d6"},
    {file = "persistent-6.1-cp312-cp312-manylinux_2_17_aarch64.manylinux2014_aarch64.whl", hash = "sha256:d626204286f84cfd4feef39387732d18832c76afbcba2bba4eee03b1ae759e8a"},
    {file = "persistent-6.1-cp312-cp312-manylinux_2_5_i686.manylinux1_i686.manylinux_2_17_i686.manylinux2014_i686.whl", hash = "sha256:c741c8461f9454828650850fc21687b57801839bb960c080f5823f54cd49fb85"},
    {file = "persistent-6.1-cp312-cp312-manylinux_2_5_x86_64.manylinux1_x86_64.manylinux_2_17_x86_64.manylinux2014_x86_64.whl", hash = "sha256:2111566a7ac526240e37a4b2363cb9ebe40838369d363950222f15b5482cf944"},
    {file = "persistent-6.1-cp312-cp312-win_amd64.whl", hash = "sha256:93b5943db6795f06f85010f9f038dc10ddd03c017dccf5ba87ef22ad6370e11f"},
    {file = "persistent-6.1-cp313-cp313-macosx_10_9_x86_64.whl", hash = "sha256:ade3bfe8f8583c504368d6cb122cc10cdbd7400bc65504b7d601c51a490b1702"},
    {file = "persistent-6.1-cp313-cp313-macosx_11_0_arm64.whl", hash = "sha256:f18bf43306bb590e43c97c525000b76cb9ed4478f9bbc10ba9ee817648c9b0a1"},
    {file = "persistent-6.1-cp313-cp313-manylinux_2_17_aarch64.manylinux2014_aarch64.whl", hash = "sha256:2c6c2798b565ac1903b7062ef11a61260cd44257ab1e50c9d6819f42d8598e68"},
    {file = "persistent-6.1-cp313-cp313-manylinux_2_5_i686.manylinux1_i686.manylinux_2_17_i686.manylinux2014_i686.whl", hash = "sha256:d14253dc90645d50241d0a7f57e04bffcda009cd6f9a96900b0c4d8071add781"},
    {file = "persistent-6.1-cp313-cp313-manylinux_2_5_x86_64.manylinux1_x86_64.manylinux_2_17_x86_64.manylinux2014_x86_64.whl", hash = "sha256:f262511534adea3157afc606aa93f041e62479cc2f238505eeb202e2f117dc22"},
    {file = "persistent-6.1-cp313-cp313-win_amd64.whl", hash = "sha256:9839c16817fca6eb076137882f652dfdd7ed1e06154ac2b415bfee97f65bbea5"},
    {file = "persistent-6.1-cp38-cp38-macosx_10_9_x86_64.whl", hash = "sha256:b78f6a5bf79fb164b534d808e71fd8a19aa8f16f83571ce13d8f21aaf12b3547"},
    {file = "persistent-6.1-cp38-cp38-macosx_11_0_arm64.whl", hash = "sha256:b9ee0fadb7a54249f57e4c44d7105bc14daa9e01cbcff761fc19c8b04b752292"},
    {file = "persistent-6.1-cp38-cp38-manylinux_2_17_aarch64.manylinux2014_aarch64.whl", hash = "sha256:a8f73e71d062e84f6501b976a1dd58bc4eaf2f3bc110550d4e712f4c91f7fd48"},
    {file = "persistent-6.1-cp38-cp38-manylinux_2_5_i686.manylinux1_i686.manylinux_2_17_i686.manylinux2014_i686.whl", hash = "sha256:f3d5b6e6466099ca4c003e70ff1a22aa9bfa1ff30a8435e02cceeb27b66269cb"},
    {file = "persistent-6.1-cp38-cp38-manylinux_2_5_x86_64.manylinux1_x86_64.manylinux_2_17_x86_64.manylinux2014_x86_64.whl", hash = "sha256:0e6e78058b047b01ab482e6df5986319c2cf9e86f2783a560df474dd743426ff"},
    {file = "persistent-6.1-cp38-cp38-win_amd64.whl", hash = "sha256:e4debce7452da384de244c9ac8605ceb4e42178eea6af16069847628dfc16f6e"},
    {file = "persistent-6.1-cp39-cp39-macosx_10_9_x86_64.whl", hash = "sha256:75a84482a0d05868f56630efcc2c36ad0218bc52e5f4c9c4f7bb38450755c942"},
    {file = "persistent-6.1-cp39-cp39-macosx_11_0_arm64.whl", hash = "sha256:9896dc5bf945a3427e7a4e310b2e30266e90df75de5288e4cf9376b110f08fc4"},
    {file = "persistent-6.1-cp39-cp39-manylinux_2_17_aarch64.manylinux2014_aarch64.whl", hash = "sha256:af49c9e7e212c7272d3e927b69cf2cca26d390168cac66a004bb3e474bb18615"},
    {file = "persistent-6.1-cp39-cp39-manylinux_2_5_i686.manylinux1_i686.manylinux_2_17_i686.manylinux2014_i686.whl", hash = "sha256:ab119c1db5a7d3fe5380809d038eef5518e32da6ddf0d2fc3045dc180253b695"},
    {file = "persistent-6.1-cp39-cp39-manylinux_2_5_x86_64.manylinux1_x86_64.manylinux_2_17_x86_64.manylinux2014_x86_64.whl", hash = "sha256:5029dfbb1156ee3492bb88a55aad6401ec404532617eaa50855057cfd095738f"},
    {file = "persistent-6.1-cp39-cp39-win_amd64.whl", hash = "sha256:7602ab4ad86d82d9aeb41d67c34c898e67ccaa60dbc206af8e03433a4ec78902"},
    {file = "persistent-6.1.tar.gz", hash = "sha256:aa17e6e4849738d080706ebe6c79ec8db0f4ab2c87975f9b34249eaf7a965867"},
]

[package.dependencies]
cffi = [
    {version = ">=1.17.0rc1", markers = "platform_python_implementation == \"CPython\" and python_version >= \"3.13a0\""},
    {version = "*", markers = "python_version < \"3.13a0\" and platform_python_implementation == \"CPython\""},
]
"zope.deferredimport" = "*"
"zope.interface" = "*"

[package.extras]
docs = ["Sphinx", "repoze.sphinx.autointerface", "sphinx-rtd-theme"]
test = ["manuel", "zope.testrunner"]

[[package]]
name = "pycparser"
version = "2.22"
description = "C parser in Python"
optional = false
python-versions = ">=3.8"
files = [
    {file = "pycparser-2.22-py3-none-any.whl", hash = "sha256:c3702b6d3dd8c7abc1afa565d7e63d53a1d0bd86cdc24edd75470f4de499cfcc"},
    {file = "pycparser-2.22.tar.gz", hash = "sha256:491c8be9c040f5390f5bf44a5b07752bd07f56edf992381b05c701439eec10f6"},
]

[[package]]
name = "setuptools"
version = "75.8.0"
description = "Easily download, build, install, upgrade, and uninstall Python packages"
optional = false
python-versions = ">=3.9"
files = [
    {file = "setuptools-75.8.0-py3-none-any.whl", hash = "sha256:e3982f444617239225d675215d51f6ba05f845d4eec313da4418fdbb56fb27e3"},
    {file = "setuptools-75.8.0.tar.gz", hash = "sha256:c5afc8f407c626b8313a86e10311dd3f661c6cd9c09d4bf8c15c0e11f9f2b0e6"},
]

[package.extras]
check = ["pytest-checkdocs (>=2.4)", "pytest-ruff (>=0.2.1)", "ruff (>=0.8.0)"]
core = ["importlib_metadata (>=6)", "jaraco.collections", "jaraco.functools (>=4)", "jaraco.text (>=3.7)", "more_itertools", "more_itertools (>=8.8)", "packaging", "packaging (>=24.2)", "platformdirs (>=4.2.2)", "tomli (>=2.0.1)", "wheel (>=0.43.0)"]
cover = ["pytest-cov"]
doc = ["furo", "jaraco.packaging (>=9.3)", "jaraco.tidelift (>=1.4)", "pygments-github-lexers (==0.0.5)", "pyproject-hooks (!=1.1)", "rst.linker (>=1.9)", "sphinx (>=3.5)", "sphinx-favicon", "sphinx-inline-tabs", "sphinx-lint", "sphinx-notfound-page (>=1,<2)", "sphinx-reredirects", "sphinxcontrib-towncrier", "towncrier (<24.7)"]
enabler = ["pytest-enabler (>=2.2)"]
test = ["build[virtualenv] (>=1.0.3)", "filelock (>=3.4.0)", "ini2toml[lite] (>=0.14)", "jaraco.develop (>=7.21)", "jaraco.envs (>=2.2)", "jaraco.path (>=3.7.2)", "jaraco.test (>=5.5)", "packaging (>=24.2)", "pip (>=19.1)", "pyproject-hooks (!=1.1)", "pytest (>=6,!=8.1.*)", "pytest-home (>=0.5)", "pytest-perf", "pytest-subprocess", "pytest-timeout", "pytest-xdist (>=3)", "tomli-w (>=1.0.0)", "virtualenv (>=13.0.0)", "wheel (>=0.44.0)"]
type = ["importlib_metadata (>=7.0.2)", "jaraco.develop (>=7.21)", "mypy (==1.14.*)", "pytest-mypy"]

[[package]]
name = "transaction"
version = "5.0"
description = "Transaction management for Python"
optional = false
python-versions = ">=3.8"
files = [
    {file = "transaction-5.0-py3-none-any.whl", hash = "sha256:b4c0b2d49a042d86235fa76531c3356b66d7635bb0e9f29ba2512915fc7b7a42"},
    {file = "transaction-5.0.tar.gz", hash = "sha256:106e7bd782bcc0cb5119fc9225b0c9a71dfc53adb938be905223adaef22b1174"},
]

[package.dependencies]
"zope.interface" = "*"

[package.extras]
docs = ["Sphinx", "repoze.sphinx.autointerface"]
testing = ["coverage"]

[[package]]
name = "zc-lockfile"
version = "3.0.post1"
description = "Basic inter-process locks"
optional = false
python-versions = ">=3.7"
files = [
    {file = "zc.lockfile-3.0.post1-py3-none-any.whl", hash = "sha256:ddb2d71088c061dc8a5edbaa346b637d742ca1e1564be75cb98e7dcae715de19"},
    {file = "zc.lockfile-3.0.post1.tar.gz", hash = "sha256:adb2ee6d9e6a2333c91178dcb2c9b96a5744c78edb7712dc784a7d75648e81ec"},
]

[package.dependencies]
setuptools = "*"

[package.extras]
test = ["zope.testing"]

[[package]]
name = "zconfig"
version = "4.2"
description = "Structured Configuration Library"
optional = false
python-versions = ">=3.9"
files = [
    {file = "ZConfig-4.2-py3-none-any.whl", hash = "sha256:43ae4b70aeb30db44341863d480d739d1fba4534796a2f46f4ce4d99e075250a"},
    {file = "zconfig-4.2.tar.gz", hash = "sha256:a0e4b5277c4cee8060ce335a578ac458f82c240ae96b16659200dbc4d98bfcce"},
]

[package.extras]
docs = ["sphinx-rtd-theme", "sphinxcontrib-programoutput"]
test = ["docutils", "manuel", "zope.exceptions", "zope.testrunner"]

[[package]]
name = "zodb"
version = "6.0"
description = "ZODB, a Python object-oriented database"
optional = false
python-versions = ">=3.7"
files = [
    {file = "ZODB-6.0-py3-none-any.whl", hash = "sha256:271c5b2cf488f2b3045bb431a2ffc07b69fc3fdba9938587ff8ad37affb2ea43"},
    {file = "ZODB-6.0.tar.gz", hash = "sha256:e51c792115c5daad4e806757bafa2f754c000c23e6babc3be5e40775fe49b5dc"},
]

[package.dependencies]
BTrees = ">=4.2.0"
persistent = ">=4.4.0"
transaction = ">=2.4"
"zc.lockfile" = "*"
ZConfig = "*"
zodbpickle = ">=1.0.1"
"zope.interface" = "*"

[package.extras]
docs = ["Sphinx (<7)", "ZODB", "j1m.sphinxautozconfig", "sphinx-rtd-theme", "sphinxcontrib-zopeext"]
test = ["manuel", "zope.testing", "zope.testrunner (>=4.4.6)"]

[[package]]
name = "zodbpickle"
version = "4.1.1"
description = "Fork of Python 3 pickle module."
optional = false
python-versions = ">=3.8"
files = [
    {file = "zodbpickle-4.1.1-cp310-cp310-macosx_10_9_x86_64.whl", hash = "sha256:0d45c33aa3c42b515513c18f6fbe559e221af2e9b99477c2ddd729af3db6b242"},
    {file = "zodbpickle-4.1.1-cp310-cp310-macosx_11_0_arm64.whl", hash = "sha256:3675cd3d0585aba43801e5823e8e79297cede73e1d7559141428f15461f691d1"},
    {file = "zodbpickle-4.1.1-cp310-cp310-manylinux_2_17_aarch64.manylinux2014_aarch64.whl", hash = "sha256:b2e775ffe3bace0f2cfe6bb15c6bc310b3a6e857517dad72bc235cee2d8a27e6"},
    {file = "zodbpickle-4.1.1-cp310-cp310-manylinux_2_17_x86_64.manylinux2014_x86_64.whl", hash = "sha256:d25bfd9bc9c5a18639eff9eaedc9aec8b514048a959f5b6142b4e1e62bce0b82"},
    {file = "zodbpickle-4.1.1-cp310-cp310-manylinux_2_5_i686.manylinux1_i686.manylinux_2_17_i686.manylinux2014_i686.whl", hash = "sha256:4675cb42d2c093e83b775d24d442f12412948571a04b225cef6017d940dbe1b0"},
    {file = "zodbpickle-4.1.1-cp310-cp310-win_amd64.whl", hash = "sha256:58a2014cbdbd89af9f9cc4032125560c0b37fd1d32a8cdf8a009038480b09f98"},
    {file = "zodbpickle-4.1.1-cp311-cp311-macosx_10_9_x86_64.whl", hash = "sha256:1ca8e3274f1224994703f5d570c13692f68c2a9c306463afc90196979ff33d52"},
    {file = "zodbpickle-4.1.1-cp311-cp311-macosx_11_0_arm64.whl", hash = "sha256:d615ff5c35f918454a2dc660808a6a6b04c9e3fa0718985d26c569cd2696d7c2"},
    {file = "zodbpickle-4.1.1-cp311-cp311-manylinux_2_17_aarch64.manylinux2014_aarch64.whl", hash = "sha256:089fb60ad674fb5b45bc1748ec2954ac8b27b94eb2f5994093e416adde1b4e2b"},
    {file = "zodbpickle-4.1.1-cp311-cp311-manylinux_2_17_x86_64.manylinux2014_x86_64.whl", hash = "sha256:71ec8c045c4ec9f4a5f387ed433242e7784102e189ccf3c171f32023ca5dad8a"},
    {file = "zodbpickle-4.1.1-cp311-cp311-manylinux_2_5_i686.manylinux1_i686.manylinux_2_17_i686.manylinux2014_i686.whl", hash = "sha256:d33f6504cc75f070e134c690b09f12e4bee5953ec3b88a9515811c623891b486"},
    {file = "zodbpickle-4.1.1-cp311-cp311-win_amd64.whl", hash = "sha256:4930770bd0864e02cfeb1ebda66cc2fde99f44940d1e041975573f32c96332f3"},
    {file = "zodbpickle-4.1.1-cp312-cp312-macosx_10_9_x86_64.whl", hash = "sha256:316e527853c3e7450f54590b38f5dbe6a0f28d65431f305d1c593c83ec8249b2"},
    {file = "zodbpickle-4.1.1-cp312-cp312-macosx_11_0_arm64.whl", hash = "sha256:9d5cd3f58c2a0a939736cd7591ea5eee9a79a542e5c7776bf3d1f0e36d6154ca"},
    {file = "zodbpickle-4.1.1-cp312-cp312-manylinux_2_17_aarch64.manylinux2014_aarch64.whl", hash = "sha256:fdbcf945a35cef7f37626fb9c0b638527e2b58acac805bfad287b0f92ce462f3"},
    {file = "zodbpickle-4.1.1-cp312-cp312-manylinux_2_17_x86_64.manylinux2014_x86_64.whl", hash = "sha256:db939e16984dc4337505d550db920b3ba7b7b2459352bbed92258ba3337399a3"},
    {file = "zodbpickle-4.1.1-cp312-cp312-manylinux_2_5_i686.manylinux1_i686.manylinux_2_17_i686.manylinux2014_i686.whl", hash = "sha256:5e3b3dffb8dd3fbf122cb5f2526cd520659f1b38297010a9c63bf5a9c60274d6"},
    {file = "zodbpickle-4.1.1-cp312-cp312-win_amd64.whl", hash = "sha256:feb3f6033c427f2cac261e14a7b5970a24feb6bb306877b35f2c82913f77314f"},
    {file = "zodbpickle-4.1.1-cp313-cp313-macosx_10_9_x86_64.whl", hash = "sha256:031603c84488391ff23e5e12c5cd7f32055fcf468fa6fb5abbe8c7667ed3c510"},
    {file = "zodbpickle-4.1.1-cp313-cp313-macosx_11_0_arm64.whl", hash = "sha256:30034eeb0783812f32ed527904836acaef59b4d0169d40d309882a3c231d260c"},
    {file = "zodbpickle-4.1.1-cp313-cp313-manylinux_2_17_aarch64.manylinux2014_aarch64.whl", hash = "sha256:406154f36899455db07169b760a49019a925e3339851d5736a88d67f4f613e30"},
    {file = "zodbpickle-4.1.1-cp313-cp313-manylinux_2_17_x86_64.manylinux2014_x86_64.whl", hash = "sha256:e95b07af3d263f3e48f250d9712058eb8e9165084d583d2393bbb6d0a635e94b"},
    {file = "zodbpickle-4.1.1-cp313-cp313-manylinux_2_5_i686.manylinux1_i686.manylinux_2_17_i686.manylinux2014_i686.whl", hash = "sha256:f13642dd3276442997964c8f0055e1baebc42e19c8148ad228d60611eb4cf984"},
    {file = "zodbpickle-4.1.1-cp313-cp313-win_amd64.whl", hash = "sha256:1cb666e73cd6c973a50d5ea976954c7c26740dc4de98fee4444f6d10ffa586d3"},
    {file = "zodbpickle-4.1.1-cp38-cp38-macosx_10_9_x86_64.whl", hash = "sha256:6eb1e29fa6d39798d99442c778e9f64baaadbe705e2b756434fd79758b61dee1"},
    {file = "zodbpickle-4.1.1-cp38-cp38-macosx_11_0_arm64.whl", hash = "sha256:3b25385aa05ee69a789e13d44cac1e009b3c9eb73d2e6f90fe92a4732c8c77e8"},
    {file = "zodbpickle-4.1.1-cp38-cp38-manylinux_2_17_aarch64.manylinux2014_aarch64.whl", hash = "sha256:8fea00f55d9db8510d7c84f785637613223a51c781d978ae581e90976942e368"},
    {file = "zodbpickle-4.1.1-cp38-cp38-manylinux_2_17_x86_64.manylinux2014_x86_64.whl", hash = "sha256:6a8824dfc221eebf44798ca205f5399d7f264584a2d3f4677d09cf0b31319dcc"},
    {file = "zodbpickle-4.1.1-cp38-cp38-manylinux_2_5_i686.manylinux1_i686.manylinux_2_17_i686.manylinux2014_i686.whl", hash = "sha256:5789eec062713f3b4a29434ea86ce7e477f55c937e7f6017d5d3f7d2512d2120"},
    {file = "zodbpickle-4.1.1-cp38-cp38-win_amd64.whl", hash = "sha256:3d217a02fb35709f339918003aebc5fd91206ca14b7a1856facaf5c64f75953f"},
    {file = "zodbpickle-4.1.1-cp39-cp39-macosx_10_9_x86_64.whl", hash = "sha256:eddeb453b640d6a87b4c1f88b78954e7b0816ae10c5ce48e737f92ac644dca48"},
    {file = "zodbpickle-4.1.1-cp39-cp39-macosx_11_0_arm64.whl", hash = "sha256:cc4139d1f333fce886f7622695da97360c5d136c0a7b1f0ffac65f264cd7d5cf"},
    {file = "zodbpickle-4.1.1-cp39-cp39-manylinux_2_17_aarch64.manylinux2014_aarch64.whl", hash = "sha256:a01362235d64f2d1da394bc92611ba16fa69fb35dffe6d1246eb04db88ad0ec8"},
    {file = "zodbpickle-4.1.1-cp39-cp39-manylinux_2_17_x86_64.manylinux2014_x86_64.whl", hash = "sha256:4df129c1c46a7df9bde4bd2bba33e6826429d4a32bd0a735cfb9ad887f1b974a"},
    {file = "zodbpickle-4.1.1-cp39-cp39-manylinux_2_5_i686.manylinux1_i686.manylinux_2_17_i686.manylinux2014_i686.whl", hash = "sha256:4129afe65cd80eea479ffc99bf9f84c5c27294fdc34f8c9d55227bd08eb040df"},
    {file = "zodbpickle-4.1.1-cp39-cp39-win_amd64.whl", hash = "sha256:f10087eaa6b79d212210f63c79d5392d2e60ece7a68cc69a5f99d90e22f51316"},
    {file = "zodbpickle-4.1.1.tar.gz", hash = "sha256:dfc0c915ef1499dd0603970f5c1102c6bd7eb7b6ac46434b29a6d840bf027248"},
]

[package.dependencies]
setuptools = "*"

[package.extras]
docs = ["Sphinx"]
test = ["zope.testrunner"]

[[package]]
name = "zope-deferredimport"
version = "5.0"
description = "zope.deferredimport allows you to perform imports names that will only be resolved when used in the code."
optional = false
python-versions = ">=3.7"
files = [
    {file = "zope.deferredimport-5.0-py3-none-any.whl", hash = "sha256:b26e013b02fd1ee3e26510db66a737105128e48a0d348490f7c901ffd1928f25"},
    {file = "zope.deferredimport-5.0.tar.gz", hash = "sha256:3abbf0e18c1f1765914ecd1d41b549e4d045b21b28e4065fb0c1de0ad736b2c3"},
]

[package.dependencies]
setuptools = "*"
"zope.proxy" = "*"

[package.extras]
docs = ["Sphinx", "repoze.sphinx.autointerface"]
test = ["zope.testrunner"]

[[package]]
name = "zope-interface"
version = "7.2"
description = "Interfaces for Python"
optional = false
python-versions = ">=3.8"
files = [
    {file = "zope.interface-7.2-cp310-cp310-macosx_10_9_x86_64.whl", hash = "sha256:ce290e62229964715f1011c3dbeab7a4a1e4971fd6f31324c4519464473ef9f2"},
    {file = "zope.interface-7.2-cp310-cp310-macosx_11_0_arm64.whl", hash = "sha256:05b910a5afe03256b58ab2ba6288960a2892dfeef01336dc4be6f1b9ed02ab0a"},
    {file = "zope.interface-7.2-cp310-cp310-manylinux_2_17_aarch64.manylinux2014_aarch64.whl", hash = "sha256:550f1c6588ecc368c9ce13c44a49b8d6b6f3ca7588873c679bd8fd88a1b557b6"},
    {file = "zope.interface-7.2-cp310-cp310-manylinux_2_5_i686.manylinux1_i686.manylinux_2_17_i686.manylinux2014_i686.whl", hash = "sha256:0ef9e2f865721553c6f22a9ff97da0f0216c074bd02b25cf0d3af60ea4d6931d"},
    {file = "zope.interface-7.2-cp310-cp310-manylinux_2_5_x86_64.manylinux1_x86_64.manylinux_2_17_x86_64.manylinux2014_x86_64.whl", hash = "sha256:27f926f0dcb058211a3bb3e0e501c69759613b17a553788b2caeb991bed3b61d"},
    {file = "zope.interface-7.2-cp310-cp310-win_amd64.whl", hash = "sha256:144964649eba4c5e4410bb0ee290d338e78f179cdbfd15813de1a664e7649b3b"},
    {file = "zope.interface-7.2-cp311-cp311-macosx_10_9_x86_64.whl", hash = "sha256:1909f52a00c8c3dcab6c4fad5d13de2285a4b3c7be063b239b8dc15ddfb73bd2"},
    {file = "zope.interface-7.2-cp311-cp311-macosx_11_0_arm64.whl", hash = "sha256:80ecf2451596f19fd607bb09953f426588fc1e79e93f5968ecf3367550396b22"},
    {file = "zope.interface-7.2-cp311-cp311-manylinux_2_17_aarch64.manylinux2014_aarch64.whl", hash = "sha256:033b3923b63474800b04cba480b70f6e6243a62208071fc148354f3f89cc01b7"},
    {file = "zope.interface-7.2-cp311-cp311-manylinux_2_5_i686.manylinux1_i686.manylinux_2_17_i686.manylinux2014_i686.whl", hash = "sha256:a102424e28c6b47c67923a1f337ede4a4c2bba3965b01cf707978a801fc7442c"},
    {file = "zope.interface-7.2-cp311-cp311-manylinux_2_5_x86_64.manylinux1_x86_64.manylinux_2_17_x86_64.manylinux2014_x86_64.whl", hash = "sha256:25e6a61dcb184453bb00eafa733169ab6d903e46f5c2ace4ad275386f9ab327a"},
    {file = "zope.interface-7.2-cp311-cp311-win_amd64.whl", hash = "sha256:3f6771d1647b1fc543d37640b45c06b34832a943c80d1db214a37c31161a93f1"},
    {file = "zope.interface-7.2-cp312-cp312-macosx_10_9_x86_64.whl", hash = "sha256:086ee2f51eaef1e4a52bd7d3111a0404081dadae87f84c0ad4ce2649d4f708b7"},
    {file = "zope.interface-7.2-cp312-cp312-macosx_11_0_arm64.whl", hash = "sha256:21328fcc9d5b80768bf051faa35ab98fb979080c18e6f84ab3f27ce703bce465"},
    {file = "zope.interface-7.2-cp312-cp312-manylinux_2_17_aarch64.manylinux2014_aarch64.whl", hash = "sha256:f6dd02ec01f4468da0f234da9d9c8545c5412fef80bc590cc51d8dd084138a89"},
    {file = "zope.interface-7.2-cp312-cp312-manylinux_2_5_i686.manylinux1_i686.manylinux_2_17_i686.manylinux2014_i686.whl", hash = "sha256:8e7da17f53e25d1a3bde5da4601e026adc9e8071f9f6f936d0fe3fe84ace6d54"},
    {file = "zope.interface-7.2-cp312-cp312-manylinux_2_5_x86_64.manylinux1_x86_64.manylinux_2_17_x86_64.manylinux2014_x86_64.whl", hash = "sha256:cab15ff4832580aa440dc9790b8a6128abd0b88b7ee4dd56abacbc52f212209d"},
    {file = "zope.interface-7.2-cp312-cp312-win_amd64.whl", hash = "sha256:29caad142a2355ce7cfea48725aa8bcf0067e2b5cc63fcf5cd9f97ad12d6afb5"},
    {file = "zope.interface-7.2-cp313-cp313-macosx_10_9_x86_64.whl", hash = "sha256:3e0350b51e88658d5ad126c6a57502b19d5f559f6cb0a628e3dc90442b53dd98"},
    {file = "zope.interface-7.2-cp313-cp313-macosx_11_0_arm64.whl", hash = "sha256:15398c000c094b8855d7d74f4fdc9e73aa02d4d0d5c775acdef98cdb1119768d"},
    {file = "zope.interface-7.2-cp313-cp313-manylinux_2_17_aarch64.manylinux2014_aarch64.whl", hash = "sha256:802176a9f99bd8cc276dcd3b8512808716492f6f557c11196d42e26c01a69a4c"},
    {file = "zope.interface-7.2-cp313-cp313-manylinux_2_5_i686.manylinux1_i686.manylinux_2_17_i686.manylinux2014_i686.whl", hash = "sha256:eb23f58a446a7f09db85eda09521a498e109f137b85fb278edb2e34841055398"},
    {file = "zope.interface-7.2-cp313-cp313-manylinux_2_5_x86_64.manylinux1_x86_64.manylinux_2_17_x86_64.manylinux2014_x86_64.whl", hash = "sha256:a71a5b541078d0ebe373a81a3b7e71432c61d12e660f1d67896ca62d9628045b"},
    {file = "zope.interface-7.2-cp313-cp313-win_amd64.whl", hash = "sha256:4893395d5dd2ba655c38ceb13014fd65667740f09fa5bb01caa1e6284e48c0cd"},
    {file = "zope.interface-7.2-cp38-cp38-macosx_10_9_x86_64.whl", hash = "sha256:d3a8ffec2a50d8ec470143ea3d15c0c52d73df882eef92de7537e8ce13475e8a"},
    {file = "zope.interface-7.2-cp38-cp38-macosx_11_0_arm64.whl", hash = "sha256:31d06db13a30303c08d61d5fb32154be51dfcbdb8438d2374ae27b4e069aac40"},
    {file = "zope.interface-7.2-cp38-cp38-manylinux_2_17_aarch64.manylinux2014_aarch64.whl", hash = "sha256:e204937f67b28d2dca73ca936d3039a144a081fc47a07598d44854ea2a106239"},
    {file = "zope.interface-7.2-cp38-cp38-manylinux_2_5_i686.manylinux1_i686.manylinux_2_17_i686.manylinux2014_i686.whl", hash = "sha256:224b7b0314f919e751f2bca17d15aad00ddbb1eadf1cb0190fa8175edb7ede62"},
    {file = "zope.interface-7.2-cp38-cp38-manylinux_2_5_x86_64.manylinux1_x86_64.manylinux_2_17_x86_64.manylinux2014_x86_64.whl", hash = "sha256:baf95683cde5bc7d0e12d8e7588a3eb754d7c4fa714548adcd96bdf90169f021"},
    {file = "zope.interface-7.2-cp38-cp38-win_amd64.whl", hash = "sha256:7dc5016e0133c1a1ec212fc87a4f7e7e562054549a99c73c8896fa3a9e80cbc7"},
    {file = "zope.interface-7.2-cp39-cp39-macosx_10_9_x86_64.whl", hash = "sha256:7bd449c306ba006c65799ea7912adbbfed071089461a19091a228998b82b1fdb"},
    {file = "zope.interface-7.2-cp39-cp39-macosx_11_0_arm64.whl", hash = "sha256:a19a6cc9c6ce4b1e7e3d319a473cf0ee989cbbe2b39201d7c19e214d2dfb80c7"},
    {file = "zope.interface-7.2-cp39-cp39-manylinux_2_17_aarch64.manylinux2014_aarch64.whl", hash = "sha256:72cd1790b48c16db85d51fbbd12d20949d7339ad84fd971427cf00d990c1f137"},
    {file = "zope.interface-7.2-cp39-cp39-manylinux_2_5_i686.manylinux1_i686.manylinux_2_17_i686.manylinux2014_i686.whl", hash = "sha256:52e446f9955195440e787596dccd1411f543743c359eeb26e9b2c02b077b0519"},
    {file = "zope.interface-7.2-cp39-cp39-manylinux_2_5_x86_64.manylinux1_x86_64.manylinux_2_17_x86_64.manylinux2014_x86_64.whl", hash = "sha256:2ad9913fd858274db8dd867012ebe544ef18d218f6f7d1e3c3e6d98000f14b75"},
    {file = "zope.interface-7.2-cp39-cp39-win_amd64.whl", hash = "sha256:1090c60116b3da3bfdd0c03406e2f14a1ff53e5771aebe33fec1edc0a350175d"},
    {file = "zope.interface-7.2.tar.gz", hash = "sha256:8b49f1a3d1ee4cdaf5b32d2e738362c7f5e40ac8b46dd7d1a65e82a4872728fe"},
]

[package.dependencies]
setuptools = "*"

[package.extras]
docs = ["Sphinx", "furo", "repoze.sphinx.autointerface"]
test = ["coverage[toml]", "zope.event", "zope.testing"]
testing = ["coverage[toml]", "zope.event", "zope.testing"]

[[package]]
name = "zope-proxy"
version = "6.1"
description = "Generic Transparent Proxies"
optional = false
python-versions = ">=3.8"
files = [
    {file = "zope.proxy-6.1-cp310-cp310-macosx_10_9_x86_64.whl", hash = "sha256:95cb6de0b7ba5aa65fd010dd590c2b31e40f0976b0466cb53d7b90483115b83c"},
    {file = "zope.proxy-6.1-cp310-cp310-macosx_11_0_arm64.whl", hash = "sha256:4d193e667b485bd54df9d99ec083103b0ff0575956804d906c52714ee268ee7f"},
    {file = "zope.proxy-6.1-cp310-cp310-manylinux_2_17_aarch64.manylinux2014_aarch64.whl", hash = "sha256:a48562abc5bf2a1ed535ace22b6c26c4d799375849e2ca21ed3be684360c2008"},
    {file = "zope.proxy-6.1-cp310-cp310-manylinux_2_5_i686.manylinux1_i686.manylinux_2_17_i686.manylinux2014_i686.whl", hash = "sha256:702124d2031bdcae0886bc1cba5357a8cf604d64fe1f31006ecd132a73ea4244"},
    {file = "zope.proxy-6.1-cp310-cp310-manylinux_2_5_x86_64.manylinux1_x86_64.manylinux_2_17_x86_64.manylinux2014_x86_64.whl", hash = "sha256:84988696d78b85f7b6020bb2c97e9dccba7a499a20a73a77bbee231480b18752"},
    {file = "zope.proxy-6.1-cp310-cp310-win_amd64.whl", hash = "sha256:66c4daf8b9842ec18402557c05bd4ff11f38c8c0657350f3fd8232ac4e79d787"},
    {file = "zope.proxy-6.1-cp311-cp311-macosx_10_9_x86_64.whl", hash = "sha256:0777f9b4cbaa1ad8b9a2d246e4c0fe190e79d7f20b9d4535692ae03c30285cee"},
    {file = "zope.proxy-6.1-cp311-cp311-macosx_11_0_arm64.whl", hash = "sha256:d775e4ec770dd66cfd5fabbdab02bee72041edd8e79b42e8c5d90400a31bd68b"},
    {file = "zope.proxy-6.1-cp311-cp311-manylinux_2_17_aarch64.manylinux2014_aarch64.whl", hash = "sha256:669efe87eabc4e6bf3a625d46191cb156e8c7ff8e44673b70caebfc9f4a28789"},
    {file = "zope.proxy-6.1-cp311-cp311-manylinux_2_5_i686.manylinux1_i686.manylinux_2_17_i686.manylinux2014_i686.whl", hash = "sha256:440533a95da81182a1ee86f70d23cac318669b1fead47b0159d9418ed33f671b"},
    {file = "zope.proxy-6.1-cp311-cp311-manylinux_2_5_x86_64.manylinux1_x86_64.manylinux_2_17_x86_64.manylinux2014_x86_64.whl", hash = "sha256:f70a1a3f112063dd91624091d28ba6eac66eac941667bca603a0f2fe3c79082d"},
    {file = "zope.proxy-6.1-cp311-cp311-win_amd64.whl", hash = "sha256:d1a1efcb6987b73e11d3a5f7439ee06e4654e2f43a8c05196a9c581313fa79c2"},
    {file = "zope.proxy-6.1-cp312-cp312-macosx_10_9_x86_64.whl", hash = "sha256:205d6addd0a19ac2febc0b0bf5dabc5b9ae7db385a6a84dddaf3237d113ee01f"},
    {file = "zope.proxy-6.1-cp312-cp312-macosx_11_0_arm64.whl", hash = "sha256:4ea7b1b14c31d28de0c3dbbb6672e36dea62828866831bd8a9736171b1d82465"},
    {file = "zope.proxy-6.1-cp312-cp312-manylinux_2_17_aarch64.manylinux2014_aarch64.whl", hash = "sha256:51a6be9875dd4bd3945da4338120baed733610acb961c77f3bdfec9ba1be208e"},
    {file = "zope.proxy-6.1-cp312-cp312-manylinux_2_5_i686.manylinux1_i686.manylinux_2_17_i686.manylinux2014_i686.whl", hash = "sha256:9799b3016982a32dc9f9e4f42e443a52c88b3f601a50d21951d0ef450999b85d"},
    {file = "zope.proxy-6.1-cp312-cp312-manylinux_2_5_x86_64.manylinux1_x86_64.manylinux_2_17_x86_64.manylinux2014_x86_64.whl", hash = "sha256:ed87d7c006d635e4f92c94dbb8ad6082b1fe828dfa76ed3c78610bc84cefdeb7"},
    {file = "zope.proxy-6.1-cp312-cp312-win_amd64.whl", hash = "sha256:60497b06f9e249b3c21b09ce1775b3d71a74a37cea44207cd997317a77fc5918"},
    {file = "zope.proxy-6.1-cp313-cp313-macosx_10_9_x86_64.whl", hash = "sha256:cda5526ebea4aced070bfa0ce73e7b3a2a2250988a5b12b1593fe510dd3338db"},
    {file = "zope.proxy-6.1-cp313-cp313-macosx_11_0_arm64.whl", hash = "sha256:6f7208e4630003bf77abd64f54d0e98767fa146f2930b7bfb4ba12e23bbfb006"},
    {file = "zope.proxy-6.1-cp313-cp313-manylinux_2_17_aarch64.manylinux2014_aarch64.whl", hash = "sha256:07c43ae0180ba4dc6fa41cc9e306d5e5c063014fb8d4e8614b49f8f934d42eb9"},
    {file = "zope.proxy-6.1-cp313-cp313-manylinux_2_5_i686.manylinux1_i686.manylinux_2_17_i686.manylinux2014_i686.whl", hash = "sha256:71d9b46af85bca3ceb1fa60b95591cce50538265b73f0eefb735bd366199ebeb"},
    {file = "zope.proxy-6.1-cp313-cp313-manylinux_2_5_x86_64.manylinux1_x86_64.manylinux_2_17_x86_64.manylinux2014_x86_64.whl", hash = "sha256:7fd5b73c60cd64e9225d5dd810742e467c8086b7615d29849ac53a98ab059267"},
    {file = "zope.proxy-6.1-cp313-cp313-win_amd64.whl", hash = "sha256:17fa348ec0ac9daafb9a0380e067ed1e8fc1ddcaefc31b094e255544319b8609"},
    {file = "zope.proxy-6.1-cp38-cp38-macosx_10_9_x86_64.whl", hash = "sha256:59f293864db0ef5be0754f6f7428ddc6b3b97da6faa76cff191af4efa8fd05d1"},
    {file = "zope.proxy-6.1-cp38-cp38-macosx_11_0_arm64.whl", hash = "sha256:90218acd90c1e67baa2a0635f3fd9e9a519317edefb8587dbb3cbea43a234786"},
    {file = "zope.proxy-6.1-cp38-cp38-manylinux_2_17_aarch64.manylinux2014_aarch64.whl", hash = "sha256:cc0ed2f87996c06b97910b7d801fc2ba80c976ef218e59baf8a9da16c64b1c0c"},
    {file = "zope.proxy-6.1-cp38-cp38-manylinux_2_5_i686.manylinux1_i686.manylinux_2_17_i686.manylinux2014_i686.whl", hash = "sha256:76c218b92d06c8e5bcf52b8f3ce2472509789b618feda47d5e9fd7a08ab8d84e"},
    {file = "zope.proxy-6.1-cp38-cp38-manylinux_2_5_x86_64.manylinux1_x86_64.manylinux_2_17_x86_64.manylinux2014_x86_64.whl", hash = "sha256:8c7fe29a87cdac956ea246784df4eb7a52b8262d39a7089f9903c2fedf0968dd"},
    {file = "zope.proxy-6.1-cp38-cp38-win_amd64.whl", hash = "sha256:7cd2e9cd9870e2fbf03dc46aec2e3a3dbe5616c624ccb7941cd3db43f977c72b"},
    {file = "zope.proxy-6.1-cp39-cp39-macosx_10_9_x86_64.whl", hash = "sha256:b3da50741baea56a1165181eba85e78a35a2142cff1d2402e6073ce93f97b2d9"},
    {file = "zope.proxy-6.1-cp39-cp39-macosx_11_0_arm64.whl", hash = "sha256:5131b64aa3e1b9e0ab10e2db127ccf8b082a2d6348e467777018de2d3c402ff9"},
    {file = "zope.proxy-6.1-cp39-cp39-manylinux_2_17_aarch64.manylinux2014_aarch64.whl", hash = "sha256:ae215bce9e8e19b99fe3599690313a803c75d7ab1b19b3dc539f00403c6a0faf"},
    {file = "zope.proxy-6.1-cp39-cp39-manylinux_2_5_i686.manylinux1_i686.manylinux_2_17_i686.manylinux2014_i686.whl", hash = "sha256:fdae0ad3626bcaa5373b4a2b5639aadd19155fa54f6fde7a55de0385764ec698"},
    {file = "zope.proxy-6.1-cp39-cp39-manylinux_2_5_x86_64.manylinux1_x86_64.manylinux_2_17_x86_64.manylinux2014_x86_64.whl", hash = "sha256:d14fdcfc8a1cf7104890db58621e1a943138921e0d9942e7cc805b894992d959"},
    {file = "zope.proxy-6.1-cp39-cp39-win_amd64.whl", hash = "sha256:4962cd422d0142433f09a000ed2ef6151e0b7dc0c2028e8b9d180b42e2ca1843"},
    {file = "zope_proxy-6.1.tar.gz", hash = "sha256:9b70bf787fcbd3ecb86ba886d71e5cd857da0d6dbe2fcf2b6c24774f24747e2e"},
]

[package.dependencies]
setuptools = "*"
"zope.interface" = "*"

[package.extras]
docs = ["Sphinx", "repoze.sphinx.autointerface", "sphinx-rtd-theme"]
test = ["zope.security", "zope.testrunner"]

[metadata]
lock-version = "2.0"
python-versions = "^3.12"
content-hash = "6626b8df1da7a71a9135b5a5de16ef376da6446d6f64d0822aa6f1b797ff28cc"
