
Microsoft Visual Studio Solution File, Format Version 12.00
# Visual Studio Version 17
VisualStudioVersion = 17.8.34525.116
MinimumVisualStudioVersion = 10.0.40219.1
Project("{FAE04EC0-301F-11D3-BF4B-00C04F79EFBC}") = "AnimalShelter-Conditional-branching-and-looping", "AnimalShelter-Conditional-branching-and-looping.csproj", "{0B366ACF-205C-4E32-9630-52708624D914}"
EndProject
Global
	GlobalSection(SolutionConfigurationPlatforms) = preSolution
		Debug|Any CPU = Debug|Any CPU
		Release|Any CPU = Release|Any CPU
	EndGlobalSection
	GlobalSection(ProjectConfigurationPlatforms) = postSolution
		{0B366ACF-205C-4E32-9630-52708624D914}.Debug|Any CPU.ActiveCfg = Debug|Any CPU
		{0B366ACF-205C-4E32-9630-52708624D914}.Debug|Any CPU.Build.0 = Debug|Any CPU
		{0B366ACF-205C-4E32-9630-52708624D914}.Release|Any CPU.ActiveCfg = Release|Any CPU
		{0B366ACF-205C-4E32-9630-52708624D914}.Release|Any CPU.Build.0 = Release|Any CPU
	EndGlobalSection
	GlobalSection(SolutionProperties) = preSolution
		HideSolutionNode = FALSE
	EndGlobalSection
	GlobalSection(ExtensibilityGlobals) = postSolution
		SolutionGuid = {0F11BE00-BA40-4B88-B04A-3A1820A87052}
	EndGlobalSection
EndGlobal
