
Microsoft Visual Studio Solution File, Format Version 12.00
# Visual Studio Version 17
VisualStudioVersion = 17.9.34728.123
MinimumVisualStudioVersion = 10.0.40219.1
Project("{FAE04EC0-301F-11D3-BF4B-00C04F79EFBC}") = "Server Side State Management", "Server Side State Management.csproj", "{96ABE09F-739A-49AD-93F9-8C87FF2166F7}"
EndProject
Global
	GlobalSection(SolutionConfigurationPlatforms) = preSolution
		Debug|Any CPU = Debug|Any CPU
		Release|Any CPU = Release|Any CPU
	EndGlobalSection
	GlobalSection(ProjectConfigurationPlatforms) = postSolution
		{96ABE09F-739A-49AD-93F9-8C87FF2166F7}.Debug|Any CPU.ActiveCfg = Debug|Any CPU
		{96ABE09F-739A-49AD-93F9-8C87FF2166F7}.Debug|Any CPU.Build.0 = Debug|Any CPU
		{96ABE09F-739A-49AD-93F9-8C87FF2166F7}.Release|Any CPU.ActiveCfg = Release|Any CPU
		{96ABE09F-739A-49AD-93F9-8C87FF2166F7}.Release|Any CPU.Build.0 = Release|Any CPU
	EndGlobalSection
	GlobalSection(SolutionProperties) = preSolution
		HideSolutionNode = FALSE
	EndGlobalSection
	GlobalSection(ExtensibilityGlobals) = postSolution
		SolutionGuid = {DB0C5B0B-641C-43B1-95CD-E7010BADB7EA}
	EndGlobalSection
EndGlobal
