
Microsoft Visual Studio Solution File, Format Version 12.00
# Visual Studio Version 17
VisualStudioVersion = 17.9.34728.123
MinimumVisualStudioVersion = 10.0.40219.1
Project("{FAE04EC0-301F-11D3-BF4B-00C04F79EFBC}") = "Client Side State Management", "Client Side State Management.csproj", "{E06034EC-5A83-4A7D-B3DB-0434DF73D870}"
EndProject
Global
	GlobalSection(SolutionConfigurationPlatforms) = preSolution
		Debug|Any CPU = Debug|Any CPU
		Release|Any CPU = Release|Any CPU
	EndGlobalSection
	GlobalSection(ProjectConfigurationPlatforms) = postSolution
		{E06034EC-5A83-4A7D-B3DB-0434DF73D870}.Debug|Any CPU.ActiveCfg = Debug|Any CPU
		{E06034EC-5A83-4A7D-B3DB-0434DF73D870}.Debug|Any CPU.Build.0 = Debug|Any CPU
		{E06034EC-5A83-4A7D-B3DB-0434DF73D870}.Release|Any CPU.ActiveCfg = Release|Any CPU
		{E06034EC-5A83-4A7D-B3DB-0434DF73D870}.Release|Any CPU.Build.0 = Release|Any CPU
	EndGlobalSection
	GlobalSection(SolutionProperties) = preSolution
		HideSolutionNode = FALSE
	EndGlobalSection
	GlobalSection(ExtensibilityGlobals) = postSolution
		SolutionGuid = {5CDC825F-67F3-40DC-A642-D086D14C2F8D}
	EndGlobalSection
EndGlobal
